// !$*UTF8*$!
{
	archiveVersion = 1;
	classes = {
	};
	objectVersion = 77;
	objects = {

/* Begin PBXBuildFile section */
		012787DEFA53D2E4297F71BD /* OnboardingView.swift in Sources */ = {isa = PBXBuildFile; fileRef = 185452ABC1AD2FC692AF4214 /* OnboardingView.swift */; };
		196ACB9C5F125B839EEAA245 /* 05-feedback.png in Resources */ = {isa = PBXBuildFile; fileRef = 437EA3142A340A1BF531A65A /* 05-feedback.png */; };
		1D0CEABED72C192035862CE9 /* 03-listen.png in Resources */ = {isa = PBXBuildFile; fileRef = EC24CD8936F7A739B65DA49B /* 03-listen.png */; };
		24626BE31DD1D90C38DE2264 /* ContentView.swift in Sources */ = {isa = PBXBuildFile; fileRef = A9DE658C797A12C41FC6A3D4 /* ContentView.swift */; };
		2BC4C1C92D83B1434EDE0047 /* PrivacyInfo.xcprivacy in Resources */ = {isa = PBXBuildFile; fileRef = 77378C076A1E9661792D5302 /* PrivacyInfo.xcprivacy */; };
		3ED88C0DAA06D2C5A750E99C /* 01-launch.png in Resources */ = {isa = PBXBuildFile; fileRef = A3987E166250B3EB10450B51 /* 01-launch.png */; };
		57522373804FA221484C94E0 /* AppConfiguration.swift in Sources */ = {isa = PBXBuildFile; fileRef = CE50C7412BF851E0EBE313E4 /* AppConfiguration.swift */; };
		9195201F6DBA9C6DA560450E /* 02-structure.png in Resources */ = {isa = PBXBuildFile; fileRef = B84B595A846306AD6DCF3593 /* 02-structure.png */; };
		BF7FE108C51D1D770ADD3BE4 /* JapaneseSyntaxCoachApp.swift in Sources */ = {isa = PBXBuildFile; fileRef = F40A5E5CA7243D5EBFBD30BF /* JapaneseSyntaxCoachApp.swift */; };
		C926427A5D932D0D337441E5 /* 01-launch.jpeg in Resources */ = {isa = PBXBuildFile; fileRef = AA8198C892570AD1F9D0396E /* 01-launch.jpeg */; };
		DF85B04C5A74361007D4A904 /* 04-output.png in Resources */ = {isa = PBXBuildFile; fileRef = 1E8CB0BF56BE9EF6F6DF9E65 /* 04-output.png */; };
		EBC04E1D3FCBEE7B4F090187 /* Assets.xcassets in Resources */ = {isa = PBXBuildFile; fileRef = FE3C44E96A21CB339859AEBF /* Assets.xcassets */; };
		ED097C6B80EEAD44BEACF387 /* StoreKitManager.swift in Sources */ = {isa = PBXBuildFile; fileRef = 37A8AA702B5360CFD8733BBE /* StoreKitManager.swift */; };
		F200C90182F06A77F1AFC804 /* WebViewContainer.swift in Sources */ = {isa = PBXBuildFile; fileRef = 5D5A4512109F52AC8BB9917A /* WebViewContainer.swift */; };
/* End PBXBuildFile section */

/* Begin PBXFileReference section */
		185452ABC1AD2FC692AF4214 /* OnboardingView.swift */ = {isa = PBXFileReference; lastKnownFileType = sourcecode.swift; path = OnboardingView.swift; sourceTree = "<group>"; };
		1E8CB0BF56BE9EF6F6DF9E65 /* 04-output.png */ = {isa = PBXFileReference; lastKnownFileType = image.png; path = "04-output.png"; sourceTree = "<group>"; };
		27B1BEF76367AB03F02807AD /* JapaneseSyntaxCoach.app */ = {isa = PBXFileReference; includeInIndex = 0; lastKnownFileType = wrapper.application; path = JapaneseSyntaxCoach.app; sourceTree = BUILT_PRODUCTS_DIR; };
		37A8AA702B5360CFD8733BBE /* StoreKitManager.swift */ = {isa = PBXFileReference; lastKnownFileType = sourcecode.swift; path = StoreKitManager.swift; sourceTree = "<group>"; };
		437EA3142A340A1BF531A65A /* 05-feedback.png */ = {isa = PBXFileReference; lastKnownFileType = image.png; path = "05-feedback.png"; sourceTree = "<group>"; };
		5D5A4512109F52AC8BB9917A /* WebViewContainer.swift */ = {isa = PBXFileReference; lastKnownFileType = sourcecode.swift; path = WebViewContainer.swift; sourceTree = "<group>"; };
		77378C076A1E9661792D5302 /* PrivacyInfo.xcprivacy */ = {isa = PBXFileReference; path = PrivacyInfo.xcprivacy; sourceTree = "<group>"; };
		A3987E166250B3EB10450B51 /* 01-launch.png */ = {isa = PBXFileReference; lastKnownFileType = image.png; path = "01-launch.png"; sourceTree = "<group>"; };
		A9DE658C797A12C41FC6A3D4 /* ContentView.swift */ = {isa = PBXFileReference; lastKnownFileType = sourcecode.swift; path = ContentView.swift; sourceTree = "<group>"; };
		AA8198C892570AD1F9D0396E /* 01-launch.jpeg */ = {isa = PBXFileReference; lastKnownFileType = image.jpeg; path = "01-launch.jpeg"; sourceTree = "<group>"; };
		AFD862AA65D5A57C704D663C /* JapaneseSyntaxCoach.entitlements */ = {isa = PBXFileReference; lastKnownFileType = text.plist.entitlements; path = JapaneseSyntaxCoach.entitlements; sourceTree = "<group>"; };
		B84B595A846306AD6DCF3593 /* 02-structure.png */ = {isa = PBXFileReference; lastKnownFileType = image.png; path = "02-structure.png"; sourceTree = "<group>"; };
		CE50C7412BF851E0EBE313E4 /* AppConfiguration.swift */ = {isa = PBXFileReference; lastKnownFileType = sourcecode.swift; path = AppConfiguration.swift; sourceTree = "<group>"; };
		E99EF67C8F064727B550EF43 /* Info.plist */ = {isa = PBXFileReference; lastKnownFileType = text.plist; path = Info.plist; sourceTree = "<group>"; };
		EC24CD8936F7A739B65DA49B /* 03-listen.png */ = {isa = PBXFileReference; lastKnownFileType = image.png; path = "03-listen.png"; sourceTree = "<group>"; };
		F40A5E5CA7243D5EBFBD30BF /* JapaneseSyntaxCoachApp.swift */ = {isa = PBXFileReference; lastKnownFileType = sourcecode.swift; path = JapaneseSyntaxCoachApp.swift; sourceTree = "<group>"; };
		FE3C44E96A21CB339859AEBF /* Assets.xcassets */ = {isa = PBXFileReference; lastKnownFileType = folder.assetcatalog; path = Assets.xcassets; sourceTree = "<group>"; };
/* End PBXFileReference section */

/* Begin PBXGroup section */
		16C41FC9627DA270ECB07F34 /* Products */ = {
			isa = PBXGroup;
			children = (
				27B1BEF76367AB03F02807AD /* JapaneseSyntaxCoach.app */,
			);
			name = Products;
			sourceTree = "<group>";
		};
		3E31564505E8B8EF715D378A /* JapaneseSyntaxCoach */ = {
			isa = PBXGroup;
			children = (
				CE50C7412BF851E0EBE313E4 /* AppConfiguration.swift */,
				FE3C44E96A21CB339859AEBF /* Assets.xcassets */,
				A9DE658C797A12C41FC6A3D4 /* ContentView.swift */,
				E99EF67C8F064727B550EF43 /* Info.plist */,
				AFD862AA65D5A57C704D663C /* JapaneseSyntaxCoach.entitlements */,
				F40A5E5CA7243D5EBFBD30BF /* JapaneseSyntaxCoachApp.swift */,
				185452ABC1AD2FC692AF4214 /* OnboardingView.swift */,
				77378C076A1E9661792D5302 /* PrivacyInfo.xcprivacy */,
				37A8AA702B5360CFD8733BBE /* StoreKitManager.swift */,
				5D5A4512109F52AC8BB9917A /* WebViewContainer.swift */,
				B0EE1665B0D01E8CA2BE5FEF /* Onboarding */,
			);
			path = JapaneseSyntaxCoach;
			sourceTree = "<group>";
		};
		B0EE1665B0D01E8CA2BE5FEF /* Onboarding */ = {
			isa = PBXGroup;
			children = (
				AA8198C892570AD1F9D0396E /* 01-launch.jpeg */,
				A3987E166250B3EB10450B51 /* 01-launch.png */,
				B84B595A846306AD6DCF3593 /* 02-structure.png */,
				EC24CD8936F7A739B65DA49B /* 03-listen.png */,
				1E8CB0BF56BE9EF6F6DF9E65 /* 04-output.png */,
				437EA3142A340A1BF531A65A /* 05-feedback.png */,
			);
			path = Onboarding;
			sourceTree = "<group>";
		};
		D858275077D610C02B0819D6 = {
			isa = PBXGroup;
			children = (
				3E31564505E8B8EF715D378A /* JapaneseSyntaxCoach */,
				16C41FC9627DA270ECB07F34 /* Products */,
			);
			sourceTree = "<group>";
		};
/* End PBXGroup section */

/* Begin PBXNativeTarget section */
		8E084D120C407D184202B1DD /* JapaneseSyntaxCoach */ = {
			isa = PBXNativeTarget;
			buildConfigurationList = CA52EC623ABCD77FD93CBC97 /* Build configuration list for PBXNativeTarget "JapaneseSyntaxCoach" */;
			buildPhases = (
				0DF2347DC5841C35B93C89A7 /* Sources */,
				6F3FEBEBC8F1609566B099D4 /* Resources */,
			);
			buildRules = (
			);
			dependencies = (
			);
			name = JapaneseSyntaxCoach;
			packageProductDependencies = (
			);
			productName = JapaneseSyntaxCoach;
			productReference = 27B1BEF76367AB03F02807AD /* JapaneseSyntaxCoach.app */;
			productType = "com.apple.product-type.application";
		};
/* End PBXNativeTarget section */

/* Begin PBXProject section */
		6F9B20BEE0C511244ED38DA3 /* Project object */ = {
			isa = PBXProject;
			attributes = {
				BuildIndependentTargetsInParallel = YES;
				LastUpgradeCheck = 1430;
				TargetAttributes = {
					8E084D120C407D184202B1DD = {
						DevelopmentTeam = RMBJCSP3G9;
						ProvisioningStyle = Automatic;
					};
				};
			};
			buildConfigurationList = 3F54F8E1E55CBAB577A6D96A /* Build configuration list for PBXProject "JapaneseSyntaxCoach" */;
			developmentRegion = en;
			hasScannedForEncodings = 0;
			knownRegions = (
				Base,
				en,
			);
			mainGroup = D858275077D610C02B0819D6;
			minimizedProjectReferenceProxies = 1;
			preferredProjectObjectVersion = 77;
			productRefGroup = 16C41FC9627DA270ECB07F34 /* Products */;
			projectDirPath = "";
			projectRoot = "";
			targets = (
				8E084D120C407D184202B1DD /* JapaneseSyntaxCoach */,
			);
		};
/* End PBXProject section */

/* Begin PBXResourcesBuildPhase section */
		6F3FEBEBC8F1609566B099D4 /* Resources */ = {
			isa = PBXResourcesBuildPhase;
			buildActionMask = 2147483647;
			files = (
				C926427A5D932D0D337441E5 /* 01-launch.jpeg in Resources */,
				3ED88C0DAA06D2C5A750E99C /* 01-launch.png in Resources */,
				9195201F6DBA9C6DA560450E /* 02-structure.png in Resources */,
				1D0CEABED72C192035862CE9 /* 03-listen.png in Resources */,
				DF85B04C5A74361007D4A904 /* 04-output.png in Resources */,
				196ACB9C5F125B839EEAA245 /* 05-feedback.png in Resources */,
				EBC04E1D3FCBEE7B4F090187 /* Assets.xcassets in Resources */,
				2BC4C1C92D83B1434EDE0047 /* PrivacyInfo.xcprivacy in Resources */,
			);
			runOnlyForDeploymentPostprocessing = 0;
		};
/* End PBXResourcesBuildPhase section */

/* Begin PBXSourcesBuildPhase section */
		0DF2347DC5841C35B93C89A7 /* Sources */ = {
			isa = PBXSourcesBuildPhase;
			buildActionMask = 2147483647;
			files = (
				57522373804FA221484C94E0 /* AppConfiguration.swift in Sources */,
				24626BE31DD1D90C38DE2264 /* ContentView.swift in Sources */,
				BF7FE108C51D1D770ADD3BE4 /* JapaneseSyntaxCoachApp.swift in Sources */,
				012787DEFA53D2E4297F71BD /* OnboardingView.swift in Sources */,
				ED097C6B80EEAD44BEACF387 /* StoreKitManager.swift in Sources */,
				F200C90182F06A77F1AFC804 /* WebViewContainer.swift in Sources */,
			);
			runOnlyForDeploymentPostprocessing = 0;
		};
/* End PBXSourcesBuildPhase section */

/* Begin XCBuildConfiguration section */
		3EE4D4DA0E5A99C574C13115 /* Debug */ = {
			isa = XCBuildConfiguration;
			buildSettings = {
				ALWAYS_SEARCH_USER_PATHS = NO;
				CLANG_ANALYZER_NONNULL = YES;
				CLANG_ANALYZER_NUMBER_OBJECT_CONVERSION = YES_AGGRESSIVE;
				CLANG_CXX_LANGUAGE_STANDARD = "gnu++14";
				CLANG_CXX_LIBRARY = "libc++";
				CLANG_ENABLE_MODULES = YES;
				CLANG_ENABLE_OBJC_ARC = YES;
				CLANG_ENABLE_OBJC_WEAK = YES;
				CLANG_WARN_BLOCK_CAPTURE_AUTORELEASING = YES;
				CLANG_WARN_BOOL_CONVERSION = YES;
				CLANG_WARN_COMMA = YES;
				CLANG_WARN_CONSTANT_CONVERSION = YES;
				CLANG_WARN_DEPRECATED_OBJC_IMPLEMENTATIONS = YES;
				CLANG_WARN_DIRECT_OBJC_ISA_USAGE = YES_ERROR;
				CLANG_WARN_DOCUMENTATION_COMMENTS = YES;
				CLANG_WARN_EMPTY_BODY = YES;
				CLANG_WARN_ENUM_CONVERSION = YES;
				CLANG_WARN_INFINITE_RECURSION = YES;
				CLANG_WARN_INT_CONVERSION = YES;
				CLANG_WARN_NON_LITERAL_NULL_CONVERSION = YES;
				CLANG_WARN_OBJC_IMPLICIT_RETAIN_SELF = YES;
				CLANG_WARN_OBJC_LITERAL_CONVERSION = YES;
				CLANG_WARN_OBJC_ROOT_CLASS = YES_ERROR;
				CLANG_WARN_QUOTED_INCLUDE_IN_FRAMEWORK_HEADER = YES;
				CLANG_WARN_RANGE_LOOP_ANALYSIS = YES;
				CLANG_WARN_STRICT_PROTOTYPES = YES;
				CLANG_WARN_SUSPICIOUS_MOVE = YES;
				CLANG_WARN_UNGUARDED_AVAILABILITY = YES_AGGRESSIVE;
				CLANG_WARN_UNREACHABLE_CODE = YES;
				CLANG_WARN__DUPLICATE_METHOD_MATCH = YES;
				CODE_SIGN_STYLE = Automatic;
				COPY_PHASE_STRIP = NO;
				CURRENT_PROJECT_VERSION = 1;
				DEBUG_INFORMATION_FORMAT = dwarf;
				DEVELOPMENT_TEAM = RMBJCSP3G9;
				ENABLE_STRICT_OBJC_MSGSEND = YES;
				ENABLE_TESTABILITY = YES;
				GCC_C_LANGUAGE_STANDARD = gnu11;
				GCC_DYNAMIC_NO_PIC = NO;
				GCC_NO_COMMON_BLOCKS = YES;
				GCC_OPTIMIZATION_LEVEL = 0;
				GCC_PREPROCESSOR_DEFINITIONS = (
					"$(inherited)",
					"DEBUG=1",
				);
				GCC_WARN_64_TO_32_BIT_CONVERSION = YES;
				GCC_WARN_ABOUT_RETURN_TYPE = YES_ERROR;
				GCC_WARN_UNDECLARED_SELECTOR = YES;
				GCC_WARN_UNINITIALIZED_AUTOS = YES_AGGRESSIVE;
				GCC_WARN_UNUSED_FUNCTION = YES;
				GCC_WARN_UNUSED_VARIABLE = YES;
				IPHONEOS_DEPLOYMENT_TARGET = 16.0;
				MARKETING_VERSION = 1.0.0;
				MTL_ENABLE_DEBUG_INFO = INCLUDE_SOURCE;
				MTL_FAST_MATH = YES;
				ONLY_ACTIVE_ARCH = YES;
				PRODUCT_NAME = "$(TARGET_NAME)";
				SDKROOT = iphoneos;
				SWIFT_ACTIVE_COMPILATION_CONDITIONS = DEBUG;
				SWIFT_OPTIMIZATION_LEVEL = "-Onone";
				SWIFT_VERSION = 5.0;
			};
			name = Debug;
		};
		3EFFD3DD2B92AF72E13F6D44 /* Debug */ = {
			isa = XCBuildConfiguration;
			buildSettings = {
				ASSETCATALOG_COMPILER_APPICON_NAME = AppIcon;
				CODE_SIGN_ENTITLEMENTS = JapaneseSyntaxCoach/JapaneseSyntaxCoach.entitlements;
				CODE_SIGN_IDENTITY = "iPhone Developer";
				INFOPLIST_FILE = JapaneseSyntaxCoach/Info.plist;
				LD_RUNPATH_SEARCH_PATHS = (
					"$(inherited)",
					"@executable_path/Frameworks",
				);
				PRODUCT_BUNDLE_IDENTIFIER = com.juxintong.nihongo;
				SDKROOT = iphoneos;
				SWIFT_EMIT_LOC_STRINGS = YES;
				TARGETED_DEVICE_FAMILY = 1;
			};
			name = Debug;
		};
		89A87927FCFF29E36F1F2989 /* Release */ = {
			isa = XCBuildConfiguration;
			buildSettings = {
				ALWAYS_SEARCH_USER_PATHS = NO;
				CLANG_ANALYZER_NONNULL = YES;
				CLANG_ANALYZER_NUMBER_OBJECT_CONVERSION = YES_AGGRESSIVE;
				CLANG_CXX_LANGUAGE_STANDARD = "gnu++14";
				CLANG_CXX_LIBRARY = "libc++";
				CLANG_ENABLE_MODULES = YES;
				CLANG_ENABLE_OBJC_ARC = YES;
				CLANG_ENABLE_OBJC_WEAK = YES;
				CLANG_WARN_BLOCK_CAPTURE_AUTORELEASING = YES;
				CLANG_WARN_BOOL_CONVERSION = YES;
				CLANG_WARN_COMMA = YES;
				CLANG_WARN_CONSTANT_CONVERSION = YES;
				CLANG_WARN_DEPRECATED_OBJC_IMPLEMENTATIONS = YES;
				CLANG_WARN_DIRECT_OBJC_ISA_USAGE = YES_ERROR;
				CLANG_WARN_DOCUMENTATION_COMMENTS = YES;
				CLANG_WARN_EMPTY_BODY = YES;
				CLANG_WARN_ENUM_CONVERSION = YES;
				CLANG_WARN_INFINITE_RECURSION = YES;
				CLANG_WARN_INT_CONVERSION = YES;
				CLANG_WARN_NON_LITERAL_NULL_CONVERSION = YES;
				CLANG_WARN_OBJC_IMPLICIT_RETAIN_SELF = YES;
				CLANG_WARN_OBJC_LITERAL_CONVERSION = YES;
				CLANG_WARN_OBJC_ROOT_CLASS = YES_ERROR;
				CLANG_WARN_QUOTED_INCLUDE_IN_FRAMEWORK_HEADER = YES;
				CLANG_WARN_RANGE_LOOP_ANALYSIS = YES;
				CLANG_WARN_STRICT_PROTOTYPES = YES;
				CLANG_WARN_SUSPICIOUS_MOVE = YES;
				CLANG_WARN_UNGUARDED_AVAILABILITY = YES_AGGRESSIVE;
				CLANG_WARN_UNREACHABLE_CODE = YES;
				CLANG_WARN__DUPLICATE_METHOD_MATCH = YES;
				CODE_SIGN_STYLE = Automatic;
				COPY_PHASE_STRIP = NO;
				CURRENT_PROJECT_VERSION = 1;
				DEBUG_INFORMATION_FORMAT = "dwarf-with-dsym";
				DEVELOPMENT_TEAM = RMBJCSP3G9;
				ENABLE_NS_ASSERTIONS = NO;
				ENABLE_STRICT_OBJC_MSGSEND = YES;
				GCC_C_LANGUAGE_STANDARD = gnu11;
				GCC_NO_COMMON_BLOCKS = YES;
				GCC_WARN_64_TO_32_BIT_CONVERSION = YES;
				GCC_WARN_ABOUT_RETURN_TYPE = YES_ERROR;
				GCC_WARN_UNDECLARED_SELECTOR = YES;
				GCC_WARN_UNINITIALIZED_AUTOS = YES_AGGRESSIVE;
				GCC_WARN_UNUSED_FUNCTION = YES;
				GCC_WARN_UNUSED_VARIABLE = YES;
				IPHONEOS_DEPLOYMENT_TARGET = 16.0;
				MARKETING_VERSION = 1.0.0;
				MTL_ENABLE_DEBUG_INFO = NO;
				MTL_FAST_MATH = YES;
				PRODUCT_NAME = "$(TARGET_NAME)";
				SDKROOT = iphoneos;
				SWIFT_COMPILATION_MODE = wholemodule;
				SWIFT_OPTIMIZATION_LEVEL = "-O";
				SWIFT_VERSION = 5.0;
			};
			name = Release;
		};
		C9B0FD69A42C42EB9B022288 /* Release */ = {
			isa = XCBuildConfiguration;
			buildSettings = {
				ASSETCATALOG_COMPILER_APPICON_NAME = AppIcon;
				CODE_SIGN_ENTITLEMENTS = JapaneseSyntaxCoach/JapaneseSyntaxCoach.entitlements;
				CODE_SIGN_IDENTITY = "iPhone Developer";
				INFOPLIST_FILE = JapaneseSyntaxCoach/Info.plist;
				LD_RUNPATH_SEARCH_PATHS = (
					"$(inherited)",
					"@executable_path/Frameworks",
				);
				PRODUCT_BUNDLE_IDENTIFIER = com.juxintong.nihongo;
				SDKROOT = iphoneos;
				SWIFT_EMIT_LOC_STRINGS = YES;
				TARGETED_DEVICE_FAMILY = 1;
			};
			name = Release;
		};
/* End XCBuildConfiguration section */

/* Begin XCConfigurationList section */
		3F54F8E1E55CBAB577A6D96A /* Build configuration list for PBXProject "JapaneseSyntaxCoach" */ = {
			isa = XCConfigurationList;
			buildConfigurations = (
				3EE4D4DA0E5A99C574C13115 /* Debug */,
				89A87927FCFF29E36F1F2989 /* Release */,
			);
			defaultConfigurationIsVisible = 0;
			defaultConfigurationName = Debug;
		};
		CA52EC623ABCD77FD93CBC97 /* Build configuration list for PBXNativeTarget "JapaneseSyntaxCoach" */ = {
			isa = XCConfigurationList;
			buildConfigurations = (
				3EFFD3DD2B92AF72E13F6D44 /* Debug */,
				C9B0FD69A42C42EB9B022288 /* Release */,
			);
			defaultConfigurationIsVisible = 0;
			defaultConfigurationName = Debug;
		};
/* End XCConfigurationList section */
	};
	rootObject = 6F9B20BEE0C511244ED38DA3 /* Project object */;
}
